{
  "name": "json-formatter-extension",
  "version": "1.0.0",
  "lockfileVersion": 3,
  "requires": true,
  "packages": {
    "": {
      "name": "json-formatter-extension",
      "version": "1.0.0",
      "dependencies": {
        "json-formatter-js": "^2.3.4"
      }
    },
    "node_modules/json-formatter-js": {
      "version": "2.5.18",
      "resolved": "https://registry.npmjs.org/json-formatter-js/-/json-formatter-js-2.5.18.tgz",
      "integrity": "sha512-1OF3PafvJRAZAhb3EZUjLBdG+HXSpdHytV3nOD19OLzbhQgc8q8J8F6ro9hSdbcG0rXeWq33dQ37HxQLp3y74A=="
    }
  }
}
